{
    "_readme": [
        "This file locks the dependencies of your project to a known state",
        "Read more about it at https://getcomposer.org/doc/01-basic-usage.md#installing-dependencies",
        "This file is @generated automatically"
    ],
    "content-hash": "67633935e3d38b02cf1107e43304d012",
    "packages": [
        {
            "name": "zguillez/z-http",
            "version": "v0.0.1",
            "source": {
                "type": "git",
                "url": "https://github.com/zguillez/z-http.git",
                "reference": "fa126fa258880295130f93195af39f23bda12378"
            },
            "dist": {
                "type": "zip",
                "url": "https://api.github.com/repos/zguillez/z-http/zipball/fa126fa258880295130f93195af39f23bda12378",
                "reference": "fa126fa258880295130f93195af39f23bda12378",
                "shasum": ""
            },
            "type": "library",
            "autoload": {
                "psr-4": {
                    "Z\\": "src/"
                }
            },
            "notification-url": "https://packagist.org/downloads/",
            "license": [
                "MIT"
            ],
            "authors": [
                {
                    "name": "Guillermo de la Iglesia",
                    "email": "mail@zguillez.io"
                }
            ],
            "description": "PHP module for http request",
            "keywords": [
                "get",
                "php",
                "post",
                "request"
            ],
            "time": "2020-03-10T00:22:00+00:00"
        }
    ],
    "packages-dev": [],
    "aliases": [],
    "minimum-stability": "stable",
    "stability-flags": [],
    "prefer-stable": false,
    "prefer-lowest": false,
    "platform": [],
    "platform-dev": []
}
